// !$*UTF8*$!
{
	archiveVersion = 1;
	classes = {
	};
	objectVersion = 77;
	objects = {

/* Begin PBXContainerItemProxy section */
		A297DF0F2E37B09700DCB2A1 /* PBXContainerItemProxy */ = {
			isa = PBXContainerItemProxy;
			containerPortal = A297DEF62E37B09500DCB2A1 /* Project object */;
			proxyType = 1;
			remoteGlobalIDString = A297DEFD2E37B09500DCB2A1;
			remoteInfo = "Core-Bluetooth";
		};
		A297DF192E37B09700DCB2A1 /* PBXContainerItemProxy */ = {
			isa = PBXContainerItemProxy;
			containerPortal = A297DEF62E37B09500DCB2A1 /* Project object */;
			proxyType = 1;
			remoteGlobalIDString = A297DEFD2E37B09500DCB2A1;
			remoteInfo = "Core-Bluetooth";
		};
/* End PBXContainerItemProxy section */

/* Begin PBXFileReference section */
		A297DEFE2E37B09500DCB2A1 /* Core-Bluetooth.app */ = {isa = PBXFileReference; explicitFileType = wrapper.application; includeInIndex = 0; path = "Core-Bluetooth.app"; sourceTree = BUILT_PRODUCTS_DIR; };
		A297DF0E2E37B09700DCB2A1 /* Core-BluetoothTests.xctest */ = {isa = PBXFileReference; explicitFileType = wrapper.cfbundle; includeInIndex = 0; path = "Core-BluetoothTests.xctest"; sourceTree = BUILT_PRODUCTS_DIR; };
		A297DF182E37B09700DCB2A1 /* Core-BluetoothUITests.xctest */ = {isa = PBXFileReference; explicitFileType = wrapper.cfbundle; includeInIndex = 0; path = "Core-BluetoothUITests.xctest"; sourceTree = BUILT_PRODUCTS_DIR; };
/* End PBXFileReference section */

/* Begin PBXFileSystemSynchronizedBuildFileExceptionSet section */
		A297DF2C2E37B56E00DCB2A1 /* Exceptions for "Core-Bluetooth" folder in "Core-Bluetooth" target */ = {
			isa = PBXFileSystemSynchronizedBuildFileExceptionSet;
			membershipExceptions = (
				Info.plist,
			);
			target = A297DEFD2E37B09500DCB2A1 /* Core-Bluetooth */;
		};
/* End PBXFileSystemSynchronizedBuildFileExceptionSet section */

/* Begin PBXFileSystemSynchronizedRootGroup section */
		A297DF002E37B09500DCB2A1 /* Core-Bluetooth */ = {
			isa = PBXFileSystemSynchronizedRootGroup;
			exceptions = (
				A297DF2C2E37B56E00DCB2A1 /* Exceptions for "Core-Bluetooth" folder in "Core-Bluetooth" target */,
			);
			path = "Core-Bluetooth";
			sourceTree = "<group>";
		};
		A297DF112E37B09700DCB2A1 /* Core-BluetoothTests */ = {
			isa = PBXFileSystemSynchronizedRootGroup;
			path = "Core-BluetoothTests";
			sourceTree = "<group>";
		};
		A297DF1B2E37B09700DCB2A1 /* Core-BluetoothUITests */ = {
			isa = PBXFileSystemSynchronizedRootGroup;
			path = "Core-BluetoothUITests";
			sourceTree = "<group>";
		};
/* End PBXFileSystemSynchronizedRootGroup section */

/* Begin PBXFrameworksBuildPhase section */
		A297DEFB2E37B09500DCB2A1 /* Frameworks */ = {
			isa = PBXFrameworksBuildPhase;
			buildActionMask = 2147483647;
			files = (
			);
			runOnlyForDeploymentPostprocessing = 0;
		};
		A297DF0B2E37B09700DCB2A1 /* Frameworks */ = {
			isa = PBXFrameworksBuildPhase;
			buildActionMask = 2147483647;
			files = (
			);
			runOnlyForDeploymentPostprocessing = 0;
		};
		A297DF152E37B09700DCB2A1 /* Frameworks */ = {
			isa = PBXFrameworksBuildPhase;
			buildActionMask = 2147483647;
			files = (
			);
			runOnlyForDeploymentPostprocessing = 0;
		};
/* End PBXFrameworksBuildPhase section */

/* Begin PBXGroup section */
		A297DEF52E37B09500DCB2A1 = {
			isa = PBXGroup;
			children = (
				A297DF002E37B09500DCB2A1 /* Core-Bluetooth */,
				A297DF112E37B09700DCB2A1 /* Core-BluetoothTests */,
				A297DF1B2E37B09700DCB2A1 /* Core-BluetoothUITests */,
				A297DEFF2E37B09500DCB2A1 /* Products */,
			);
			sourceTree = "<group>";
		};
		A297DEFF2E37B09500DCB2A1 /* Products */ = {
			isa = PBXGroup;
			children = (
				A297DEFE2E37B09500DCB2A1 /* Core-Bluetooth.app */,
				A297DF0E2E37B09700DCB2A1 /* Core-BluetoothTests.xctest */,
				A297DF182E37B09700DCB2A1 /* Core-BluetoothUITests.xctest */,
			);
			name = Products;
			sourceTree = "<group>";
		};
/* End PBXGroup section */

/* Begin PBXNativeTarget section */
		A297DEFD2E37B09500DCB2A1 /* Core-Bluetooth */ = {
			isa = PBXNativeTarget;
			buildConfigurationList = A297DF222E37B09700DCB2A1 /* Build configuration list for PBXNativeTarget "Core-Bluetooth" */;
			buildPhases = (
				A297DEFA2E37B09500DCB2A1 /* Sources */,
				A297DEFB2E37B09500DCB2A1 /* Frameworks */,
				A297DEFC2E37B09500DCB2A1 /* Resources */,
			);
			buildRules = (
			);
			dependencies = (
			);
			fileSystemSynchronizedGroups = (
				A297DF002E37B09500DCB2A1 /* Core-Bluetooth */,
			);
			name = "Core-Bluetooth";
			packageProductDependencies = (
			);
			productName = "Core-Bluetooth";
			productReference = A297DEFE2E37B09500DCB2A1 /* Core-Bluetooth.app */;
			productType = "com.apple.product-type.application";
		};
		A297DF0D2E37B09700DCB2A1 /* Core-BluetoothTests */ = {
			isa = PBXNativeTarget;
			buildConfigurationList = A297DF252E37B09700DCB2A1 /* Build configuration list for PBXNativeTarget "Core-BluetoothTests" */;
			buildPhases = (
				A297DF0A2E37B09700DCB2A1 /* Sources */,
				A297DF0B2E37B09700DCB2A1 /* Frameworks */,
				A297DF0C2E37B09700DCB2A1 /* Resources */,
			);
			buildRules = (
			);
			dependencies = (
				A297DF102E37B09700DCB2A1 /* PBXTargetDependency */,
			);
			fileSystemSynchronizedGroups = (
				A297DF112E37B09700DCB2A1 /* Core-BluetoothTests */,
			);
			name = "Core-BluetoothTests";
			packageProductDependencies = (
			);
			productName = "Core-BluetoothTests";
			productReference = A297DF0E2E37B09700DCB2A1 /* Core-BluetoothTests.xctest */;
			productType = "com.apple.product-type.bundle.unit-test";
		};
		A297DF172E37B09700DCB2A1 /* Core-BluetoothUITests */ = {
			isa = PBXNativeTarget;
			buildConfigurationList = A297DF282E37B09700DCB2A1 /* Build configuration list for PBXNativeTarget "Core-BluetoothUITests" */;
			buildPhases = (
				A297DF142E37B09700DCB2A1 /* Sources */,
				A297DF152E37B09700DCB2A1 /* Frameworks */,
				A297DF162E37B09700DCB2A1 /* Resources */,
			);
			buildRules = (
			);
			dependencies = (
				A297DF1A2E37B09700DCB2A1 /* PBXTargetDependency */,
			);
			fileSystemSynchronizedGroups = (
				A297DF1B2E37B09700DCB2A1 /* Core-BluetoothUITests */,
			);
			name = "Core-BluetoothUITests";
			packageProductDependencies = (
			);
			productName = "Core-BluetoothUITests";
			productReference = A297DF182E37B09700DCB2A1 /* Core-BluetoothUITests.xctest */;
			productType = "com.apple.product-type.bundle.ui-testing";
		};
/* End PBXNativeTarget section */

/* Begin PBXProject section */
		A297DEF62E37B09500DCB2A1 /* Project object */ = {
			isa = PBXProject;
			attributes = {
				BuildIndependentTargetsInParallel = 1;
				LastSwiftUpdateCheck = 1610;
				LastUpgradeCheck = 1610;
				TargetAttributes = {
					A297DEFD2E37B09500DCB2A1 = {
						CreatedOnToolsVersion = 16.1;
					};
					A297DF0D2E37B09700DCB2A1 = {
						CreatedOnToolsVersion = 16.1;
						TestTargetID = A297DEFD2E37B09500DCB2A1;
					};
					A297DF172E37B09700DCB2A1 = {
						CreatedOnToolsVersion = 16.1;
						TestTargetID = A297DEFD2E37B09500DCB2A1;
					};
				};
			};
			buildConfigurationList = A297DEF92E37B09500DCB2A1 /* Build configuration list for PBXProject "Core-Bluetooth" */;
			developmentRegion = en;
			hasScannedForEncodings = 0;
			knownRegions = (
				en,
				Base,
			);
			mainGroup = A297DEF52E37B09500DCB2A1;
			minimizedProjectReferenceProxies = 1;
			preferredProjectObjectVersion = 77;
			productRefGroup = A297DEFF2E37B09500DCB2A1 /* Products */;
			projectDirPath = "";
			projectRoot = "";
			targets = (
				A297DEFD2E37B09500DCB2A1 /* Core-Bluetooth */,
				A297DF0D2E37B09700DCB2A1 /* Core-BluetoothTests */,
				A297DF172E37B09700DCB2A1 /* Core-BluetoothUITests */,
			);
		};
/* End PBXProject section */

/* Begin PBXResourcesBuildPhase section */
		A297DEFC2E37B09500DCB2A1 /* Resources */ = {
			isa = PBXResourcesBuildPhase;
			buildActionMask = 2147483647;
			files = (
			);
			runOnlyForDeploymentPostprocessing = 0;
		};
		A297DF0C2E37B09700DCB2A1 /* Resources */ = {
			isa = PBXResourcesBuildPhase;
			buildActionMask = 2147483647;
			files = (
			);
			runOnlyForDeploymentPostprocessing = 0;
		};
		A297DF162E37B09700DCB2A1 /* Resources */ = {
			isa = PBXResourcesBuildPhase;
			buildActionMask = 2147483647;
			files = (
			);
			runOnlyForDeploymentPostprocessing = 0;
		};
/* End PBXResourcesBuildPhase section */

/* Begin PBXSourcesBuildPhase section */
		A297DEFA2E37B09500DCB2A1 /* Sources */ = {
			isa = PBXSourcesBuildPhase;
			buildActionMask = 2147483647;
			files = (
			);
			runOnlyForDeploymentPostprocessing = 0;
		};
		A297DF0A2E37B09700DCB2A1 /* Sources */ = {
			isa = PBXSourcesBuildPhase;
			buildActionMask = 2147483647;
			files = (
			);
			runOnlyForDeploymentPostprocessing = 0;
		};
		A297DF142E37B09700DCB2A1 /* Sources */ = {
			isa = PBXSourcesBuildPhase;
			buildActionMask = 2147483647;
			files = (
			);
			runOnlyForDeploymentPostprocessing = 0;
		};
/* End PBXSourcesBuildPhase section */

/* Begin PBXTargetDependency section */
		A297DF102E37B09700DCB2A1 /* PBXTargetDependency */ = {
			isa = PBXTargetDependency;
			target = A297DEFD2E37B09500DCB2A1 /* Core-Bluetooth */;
			targetProxy = A297DF0F2E37B09700DCB2A1 /* PBXContainerItemProxy */;
		};
		A297DF1A2E37B09700DCB2A1 /* PBXTargetDependency */ = {
			isa = PBXTargetDependency;
			target = A297DEFD2E37B09500DCB2A1 /* Core-Bluetooth */;
			targetProxy = A297DF192E37B09700DCB2A1 /* PBXContainerItemProxy */;
		};
/* End PBXTargetDependency section */

/* Begin XCBuildConfiguration section */
		A297DF202E37B09700DCB2A1 /* Debug */ = {
			isa = XCBuildConfiguration;
			buildSettings = {
				ALWAYS_SEARCH_USER_PATHS = NO;
				ASSETCATALOG_COMPILER_GENERATE_SWIFT_ASSET_SYMBOL_EXTENSIONS = YES;
				CLANG_ANALYZER_NONNULL = YES;
				CLANG_ANALYZER_NUMBER_OBJECT_CONVERSION = YES_AGGRESSIVE;
				CLANG_CXX_LANGUAGE_STANDARD = "gnu++20";
				CLANG_ENABLE_MODULES = YES;
				CLANG_ENABLE_OBJC_ARC = YES;
				CLANG_ENABLE_OBJC_WEAK = YES;
				CLANG_WARN_BLOCK_CAPTURE_AUTORELEASING = YES;
				CLANG_WARN_BOOL_CONVERSION = YES;
				CLANG_WARN_COMMA = YES;
				CLANG_WARN_CONSTANT_CONVERSION = YES;
				CLANG_WARN_DEPRECATED_OBJC_IMPLEMENTATIONS = YES;
				CLANG_WARN_DIRECT_OBJC_ISA_USAGE = YES_ERROR;
				CLANG_WARN_DOCUMENTATION_COMMENTS = YES;
				CLANG_WARN_EMPTY_BODY = YES;
				CLANG_WARN_ENUM_CONVERSION = YES;
				CLANG_WARN_INFINITE_RECURSION = YES;
				CLANG_WARN_INT_CONVERSION = YES;
				CLANG_WARN_NON_LITERAL_NULL_CONVERSION = YES;
				CLANG_WARN_OBJC_IMPLICIT_RETAIN_SELF = YES;
				CLANG_WARN_OBJC_LITERAL_CONVERSION = YES;
				CLANG_WARN_OBJC_ROOT_CLASS = YES_ERROR;
				CLANG_WARN_QUOTED_INCLUDE_IN_FRAMEWORK_HEADER = YES;
				CLANG_WARN_RANGE_LOOP_ANALYSIS = YES;
				CLANG_WARN_STRICT_PROTOTYPES = YES;
				CLANG_WARN_SUSPICIOUS_MOVE = YES;
				CLANG_WARN_UNGUARDED_AVAILABILITY = YES_AGGRESSIVE;
				CLANG_WARN_UNREACHABLE_CODE = YES;
				CLANG_WARN__DUPLICATE_METHOD_MATCH = YES;
				COPY_PHASE_STRIP = NO;
				DEBUG_INFORMATION_FORMAT = dwarf;
				ENABLE_STRICT_OBJC_MSGSEND = YES;
				ENABLE_TESTABILITY = YES;
				ENABLE_USER_SCRIPT_SANDBOXING = YES;
				GCC_C_LANGUAGE_STANDARD = gnu17;
				GCC_DYNAMIC_NO_PIC = NO;
				GCC_NO_COMMON_BLOCKS = YES;
				GCC_OPTIMIZATION_LEVEL = 0;
				GCC_PREPROCESSOR_DEFINITIONS = (
					"DEBUG=1",
					"$(inherited)",
				);
				GCC_WARN_64_TO_32_BIT_CONVERSION = YES;
				GCC_WARN_ABOUT_RETURN_TYPE = YES_ERROR;
				GCC_WARN_UNDECLARED_SELECTOR = YES;
				GCC_WARN_UNINITIALIZED_AUTOS = YES_AGGRESSIVE;
				GCC_WARN_UNUSED_FUNCTION = YES;
				GCC_WARN_UNUSED_VARIABLE = YES;
				IPHONEOS_DEPLOYMENT_TARGET = 18.1;
				LOCALIZATION_PREFERS_STRING_CATALOGS = YES;
				MTL_ENABLE_DEBUG_INFO = INCLUDE_SOURCE;
				MTL_FAST_MATH = YES;
				ONLY_ACTIVE_ARCH = YES;
				SDKROOT = iphoneos;
				SWIFT_ACTIVE_COMPILATION_CONDITIONS = "DEBUG $(inherited)";
				SWIFT_OPTIMIZATION_LEVEL = "-Onone";
			};
			name = Debug;
		};
		A297DF212E37B09700DCB2A1 /* Release */ = {
			isa = XCBuildConfiguration;
			buildSettings = {
				ALWAYS_SEARCH_USER_PATHS = NO;
				ASSETCATALOG_COMPILER_GENERATE_SWIFT_ASSET_SYMBOL_EXTENSIONS = YES;
				CLANG_ANALYZER_NONNULL = YES;
				CLANG_ANALYZER_NUMBER_OBJECT_CONVERSION = YES_AGGRESSIVE;
				CLANG_CXX_LANGUAGE_STANDARD = "gnu++20";
				CLANG_ENABLE_MODULES = YES;
				CLANG_ENABLE_OBJC_ARC = YES;
				CLANG_ENABLE_OBJC_WEAK = YES;
				CLANG_WARN_BLOCK_CAPTURE_AUTORELEASING = YES;
				CLANG_WARN_BOOL_CONVERSION = YES;
				CLANG_WARN_COMMA = YES;
				CLANG_WARN_CONSTANT_CONVERSION = YES;
				CLANG_WARN_DEPRECATED_OBJC_IMPLEMENTATIONS = YES;
				CLANG_WARN_DIRECT_OBJC_ISA_USAGE = YES_ERROR;
				CLANG_WARN_DOCUMENTATION_COMMENTS = YES;
				CLANG_WARN_EMPTY_BODY = YES;
				CLANG_WARN_ENUM_CONVERSION = YES;
				CLANG_WARN_INFINITE_RECURSION = YES;
				CLANG_WARN_INT_CONVERSION = YES;
				CLANG_WARN_NON_LITERAL_NULL_CONVERSION = YES;
				CLANG_WARN_OBJC_IMPLICIT_RETAIN_SELF = YES;
				CLANG_WARN_OBJC_LITERAL_CONVERSION = YES;
				CLANG_WARN_OBJC_ROOT_CLASS = YES_ERROR;
				CLANG_WARN_QUOTED_INCLUDE_IN_FRAMEWORK_HEADER = YES;
				CLANG_WARN_RANGE_LOOP_ANALYSIS = YES;
				CLANG_WARN_STRICT_PROTOTYPES = YES;
				CLANG_WARN_SUSPICIOUS_MOVE = YES;
				CLANG_WARN_UNGUARDED_AVAILABILITY = YES_AGGRESSIVE;
				CLANG_WARN_UNREACHABLE_CODE = YES;
				CLANG_WARN__DUPLICATE_METHOD_MATCH = YES;
				COPY_PHASE_STRIP = NO;
				DEBUG_INFORMATION_FORMAT = "dwarf-with-dsym";
				ENABLE_NS_ASSERTIONS = NO;
				ENABLE_STRICT_OBJC_MSGSEND = YES;
				ENABLE_USER_SCRIPT_SANDBOXING = YES;
				GCC_C_LANGUAGE_STANDARD = gnu17;
				GCC_NO_COMMON_BLOCKS = YES;
				GCC_WARN_64_TO_32_BIT_CONVERSION = YES;
				GCC_WARN_ABOUT_RETURN_TYPE = YES_ERROR;
				GCC_WARN_UNDECLARED_SELECTOR = YES;
				GCC_WARN_UNINITIALIZED_AUTOS = YES_AGGRESSIVE;
				GCC_WARN_UNUSED_FUNCTION = YES;
				GCC_WARN_UNUSED_VARIABLE = YES;
				IPHONEOS_DEPLOYMENT_TARGET = 18.1;
				LOCALIZATION_PREFERS_STRING_CATALOGS = YES;
				MTL_ENABLE_DEBUG_INFO = NO;
				MTL_FAST_MATH = YES;
				SDKROOT = iphoneos;
				SWIFT_COMPILATION_MODE = wholemodule;
				VALIDATE_PRODUCT = YES;
			};
			name = Release;
		};
		A297DF232E37B09700DCB2A1 /* Debug */ = {
			isa = XCBuildConfiguration;
			buildSettings = {
				ASSETCATALOG_COMPILER_APPICON_NAME = AppIcon;
				ASSETCATALOG_COMPILER_GLOBAL_ACCENT_COLOR_NAME = AccentColor;
				CODE_SIGN_STYLE = Automatic;
				CURRENT_PROJECT_VERSION = 1;
				DEVELOPMENT_ASSET_PATHS = "\"Core-Bluetooth/Preview Content\"";
				ENABLE_PREVIEWS = YES;
				GENERATE_INFOPLIST_FILE = YES;
				INFOPLIST_FILE = "Core-Bluetooth/Info.plist";
				INFOPLIST_KEY_NSBluetoothPeripheralUsageDescription = "Allow for bluetooth";
				INFOPLIST_KEY_UIApplicationSceneManifest_Generation = YES;
				INFOPLIST_KEY_UIApplicationSupportsIndirectInputEvents = YES;
				INFOPLIST_KEY_UILaunchScreen_Generation = YES;
				INFOPLIST_KEY_UISupportedInterfaceOrientations_iPad = "UIInterfaceOrientationPortrait UIInterfaceOrientationPortraitUpsideDown UIInterfaceOrientationLandscapeLeft UIInterfaceOrientationLandscapeRight";
				INFOPLIST_KEY_UISupportedInterfaceOrientations_iPhone = "UIInterfaceOrientationPortrait UIInterfaceOrientationLandscapeLeft UIInterfaceOrientationLandscapeRight";
				LD_RUNPATH_SEARCH_PATHS = (
					"$(inherited)",
					"@executable_path/Frameworks",
				);
				MARKETING_VERSION = 1.0;
				PRODUCT_BUNDLE_IDENTIFIER = "com.demo.Core-Bluetooth";
				PRODUCT_NAME = "$(TARGET_NAME)";
				SWIFT_EMIT_LOC_STRINGS = YES;
				SWIFT_VERSION = 5.0;
				TARGETED_DEVICE_FAMILY = "1,2";
			};
			name = Debug;
		};
		A297DF242E37B09700DCB2A1 /* Release */ = {
			isa = XCBuildConfiguration;
			buildSettings = {
				ASSETCATALOG_COMPILER_APPICON_NAME = AppIcon;
				ASSETCATALOG_COMPILER_GLOBAL_ACCENT_COLOR_NAME = AccentColor;
				CODE_SIGN_STYLE = Automatic;
				CURRENT_PROJECT_VERSION = 1;
				DEVELOPMENT_ASSET_PATHS = "\"Core-Bluetooth/Preview Content\"";
				ENABLE_PREVIEWS = YES;
				GENERATE_INFOPLIST_FILE = YES;
				INFOPLIST_FILE = "Core-Bluetooth/Info.plist";
				INFOPLIST_KEY_NSBluetoothPeripheralUsageDescription = "Allow for bluetooth";
				INFOPLIST_KEY_UIApplicationSceneManifest_Generation = YES;
				INFOPLIST_KEY_UIApplicationSupportsIndirectInputEvents = YES;
				INFOPLIST_KEY_UILaunchScreen_Generation = YES;
				INFOPLIST_KEY_UISupportedInterfaceOrientations_iPad = "UIInterfaceOrientationPortrait UIInterfaceOrientationPortraitUpsideDown UIInterfaceOrientationLandscapeLeft UIInterfaceOrientationLandscapeRight";
				INFOPLIST_KEY_UISupportedInterfaceOrientations_iPhone = "UIInterfaceOrientationPortrait UIInterfaceOrientationLandscapeLeft UIInterfaceOrientationLandscapeRight";
				LD_RUNPATH_SEARCH_PATHS = (
					"$(inherited)",
					"@executable_path/Frameworks",
				);
				MARKETING_VERSION = 1.0;
				PRODUCT_BUNDLE_IDENTIFIER = "com.demo.Core-Bluetooth";
				PRODUCT_NAME = "$(TARGET_NAME)";
				SWIFT_EMIT_LOC_STRINGS = YES;
				SWIFT_VERSION = 5.0;
				TARGETED_DEVICE_FAMILY = "1,2";
			};
			name = Release;
		};
		A297DF262E37B09700DCB2A1 /* Debug */ = {
			isa = XCBuildConfiguration;
			buildSettings = {
				BUNDLE_LOADER = "$(TEST_HOST)";
				CODE_SIGN_STYLE = Automatic;
				CURRENT_PROJECT_VERSION = 1;
				GENERATE_INFOPLIST_FILE = YES;
				IPHONEOS_DEPLOYMENT_TARGET = 18.1;
				MARKETING_VERSION = 1.0;
				PRODUCT_BUNDLE_IDENTIFIER = "com.demo.Core-BluetoothTests";
				PRODUCT_NAME = "$(TARGET_NAME)";
				SWIFT_EMIT_LOC_STRINGS = NO;
				SWIFT_VERSION = 5.0;
				TARGETED_DEVICE_FAMILY = "1,2";
				TEST_HOST = "$(BUILT_PRODUCTS_DIR)/Core-Bluetooth.app/$(BUNDLE_EXECUTABLE_FOLDER_PATH)/Core-Bluetooth";
			};
			name = Debug;
		};
		A297DF272E37B09700DCB2A1 /* Release */ = {
			isa = XCBuildConfiguration;
			buildSettings = {
				BUNDLE_LOADER = "$(TEST_HOST)";
				CODE_SIGN_STYLE = Automatic;
				CURRENT_PROJECT_VERSION = 1;
				GENERATE_INFOPLIST_FILE = YES;
				IPHONEOS_DEPLOYMENT_TARGET = 18.1;
				MARKETING_VERSION = 1.0;
				PRODUCT_BUNDLE_IDENTIFIER = "com.demo.Core-BluetoothTests";
				PRODUCT_NAME = "$(TARGET_NAME)";
				SWIFT_EMIT_LOC_STRINGS = NO;
				SWIFT_VERSION = 5.0;
				TARGETED_DEVICE_FAMILY = "1,2";
				TEST_HOST = "$(BUILT_PRODUCTS_DIR)/Core-Bluetooth.app/$(BUNDLE_EXECUTABLE_FOLDER_PATH)/Core-Bluetooth";
			};
			name = Release;
		};
		A297DF292E37B09700DCB2A1 /* Debug */ = {
			isa = XCBuildConfiguration;
			buildSettings = {
				CODE_SIGN_STYLE = Automatic;
				CURRENT_PROJECT_VERSION = 1;
				GENERATE_INFOPLIST_FILE = YES;
				MARKETING_VERSION = 1.0;
				PRODUCT_BUNDLE_IDENTIFIER = "com.demo.Core-BluetoothUITests";
				PRODUCT_NAME = "$(TARGET_NAME)";
				SWIFT_EMIT_LOC_STRINGS = NO;
				SWIFT_VERSION = 5.0;
				TARGETED_DEVICE_FAMILY = "1,2";
				TEST_TARGET_NAME = "Core-Bluetooth";
			};
			name = Debug;
		};
		A297DF2A2E37B09700DCB2A1 /* Release */ = {
			isa = XCBuildConfiguration;
			buildSettings = {
				CODE_SIGN_STYLE = Automatic;
				CURRENT_PROJECT_VERSION = 1;
				GENERATE_INFOPLIST_FILE = YES;
				MARKETING_VERSION = 1.0;
				PRODUCT_BUNDLE_IDENTIFIER = "com.demo.Core-BluetoothUITests";
				PRODUCT_NAME = "$(TARGET_NAME)";
				SWIFT_EMIT_LOC_STRINGS = NO;
				SWIFT_VERSION = 5.0;
				TARGETED_DEVICE_FAMILY = "1,2";
				TEST_TARGET_NAME = "Core-Bluetooth";
			};
			name = Release;
		};
/* End XCBuildConfiguration section */

/* Begin XCConfigurationList section */
		A297DEF92E37B09500DCB2A1 /* Build configuration list for PBXProject "Core-Bluetooth" */ = {
			isa = XCConfigurationList;
			buildConfigurations = (
				A297DF202E37B09700DCB2A1 /* Debug */,
				A297DF212E37B09700DCB2A1 /* Release */,
			);
			defaultConfigurationIsVisible = 0;
			defaultConfigurationName = Release;
		};
		A297DF222E37B09700DCB2A1 /* Build configuration list for PBXNativeTarget "Core-Bluetooth" */ = {
			isa = XCConfigurationList;
			buildConfigurations = (
				A297DF232E37B09700DCB2A1 /* Debug */,
				A297DF242E37B09700DCB2A1 /* Release */,
			);
			defaultConfigurationIsVisible = 0;
			defaultConfigurationName = Release;
		};
		A297DF252E37B09700DCB2A1 /* Build configuration list for PBXNativeTarget "Core-BluetoothTests" */ = {
			isa = XCConfigurationList;
			buildConfigurations = (
				A297DF262E37B09700DCB2A1 /* Debug */,
				A297DF272E37B09700DCB2A1 /* Release */,
			);
			defaultConfigurationIsVisible = 0;
			defaultConfigurationName = Release;
		};
		A297DF282E37B09700DCB2A1 /* Build configuration list for PBXNativeTarget "Core-BluetoothUITests" */ = {
			isa = XCConfigurationList;
			buildConfigurations = (
				A297DF292E37B09700DCB2A1 /* Debug */,
				A297DF2A2E37B09700DCB2A1 /* Release */,
			);
			defaultConfigurationIsVisible = 0;
			defaultConfigurationName = Release;
		};
/* End XCConfigurationList section */
	};
	rootObject = A297DEF62E37B09500DCB2A1 /* Project object */;
}
