// !$*UTF8*$!
{
	archiveVersion = 1;
	classes = {
	};
	objectVersion = 77;
	objects = {

/* Begin PBXBuildFile section */
		A2E3DF202E3675B7007BB62E /* ReSwift in Frameworks */ = {isa = PBXBuildFile; productRef = A2E3DF1F2E3675B7007BB62E /* ReSwift */; };
/* End PBXBuildFile section */

/* Begin PBXContainerItemProxy section */
		A2E3DF022E36759B007BB62E /* PBXContainerItemProxy */ = {
			isa = PBXContainerItemProxy;
			containerPortal = A2E3DEE92E36759A007BB62E /* Project object */;
			proxyType = 1;
			remoteGlobalIDString = A2E3DEF02E36759A007BB62E;
			remoteInfo = "state-management";
		};
		A2E3DF0C2E36759B007BB62E /* PBXContainerItemProxy */ = {
			isa = PBXContainerItemProxy;
			containerPortal = A2E3DEE92E36759A007BB62E /* Project object */;
			proxyType = 1;
			remoteGlobalIDString = A2E3DEF02E36759A007BB62E;
			remoteInfo = "state-management";
		};
/* End PBXContainerItemProxy section */

/* Begin PBXFileReference section */
		A2E3DEF12E36759A007BB62E /* state-management.app */ = {isa = PBXFileReference; explicitFileType = wrapper.application; includeInIndex = 0; path = "state-management.app"; sourceTree = BUILT_PRODUCTS_DIR; };
		A2E3DF012E36759B007BB62E /* state-managementTests.xctest */ = {isa = PBXFileReference; explicitFileType = wrapper.cfbundle; includeInIndex = 0; path = "state-managementTests.xctest"; sourceTree = BUILT_PRODUCTS_DIR; };
		A2E3DF0B2E36759B007BB62E /* state-managementUITests.xctest */ = {isa = PBXFileReference; explicitFileType = wrapper.cfbundle; includeInIndex = 0; path = "state-managementUITests.xctest"; sourceTree = BUILT_PRODUCTS_DIR; };
/* End PBXFileReference section */

/* Begin PBXFileSystemSynchronizedRootGroup section */
		A2E3DEF32E36759A007BB62E /* state-management */ = {
			isa = PBXFileSystemSynchronizedRootGroup;
			path = "state-management";
			sourceTree = "<group>";
		};
		A2E3DF042E36759B007BB62E /* state-managementTests */ = {
			isa = PBXFileSystemSynchronizedRootGroup;
			path = "state-managementTests";
			sourceTree = "<group>";
		};
		A2E3DF0E2E36759B007BB62E /* state-managementUITests */ = {
			isa = PBXFileSystemSynchronizedRootGroup;
			path = "state-managementUITests";
			sourceTree = "<group>";
		};
/* End PBXFileSystemSynchronizedRootGroup section */

/* Begin PBXFrameworksBuildPhase section */
		A2E3DEEE2E36759A007BB62E /* Frameworks */ = {
			isa = PBXFrameworksBuildPhase;
			buildActionMask = 2147483647;
			files = (
				A2E3DF202E3675B7007BB62E /* ReSwift in Frameworks */,
			);
			runOnlyForDeploymentPostprocessing = 0;
		};
		A2E3DEFE2E36759B007BB62E /* Frameworks */ = {
			isa = PBXFrameworksBuildPhase;
			buildActionMask = 2147483647;
			files = (
			);
			runOnlyForDeploymentPostprocessing = 0;
		};
		A2E3DF082E36759B007BB62E /* Frameworks */ = {
			isa = PBXFrameworksBuildPhase;
			buildActionMask = 2147483647;
			files = (
			);
			runOnlyForDeploymentPostprocessing = 0;
		};
/* End PBXFrameworksBuildPhase section */

/* Begin PBXGroup section */
		A2E3DEE82E36759A007BB62E = {
			isa = PBXGroup;
			children = (
				A2E3DEF32E36759A007BB62E /* state-management */,
				A2E3DF042E36759B007BB62E /* state-managementTests */,
				A2E3DF0E2E36759B007BB62E /* state-managementUITests */,
				A2E3DEF22E36759A007BB62E /* Products */,
			);
			sourceTree = "<group>";
		};
		A2E3DEF22E36759A007BB62E /* Products */ = {
			isa = PBXGroup;
			children = (
				A2E3DEF12E36759A007BB62E /* state-management.app */,
				A2E3DF012E36759B007BB62E /* state-managementTests.xctest */,
				A2E3DF0B2E36759B007BB62E /* state-managementUITests.xctest */,
			);
			name = Products;
			sourceTree = "<group>";
		};
/* End PBXGroup section */

/* Begin PBXNativeTarget section */
		A2E3DEF02E36759A007BB62E /* state-management */ = {
			isa = PBXNativeTarget;
			buildConfigurationList = A2E3DF152E36759B007BB62E /* Build configuration list for PBXNativeTarget "state-management" */;
			buildPhases = (
				A2E3DEED2E36759A007BB62E /* Sources */,
				A2E3DEEE2E36759A007BB62E /* Frameworks */,
				A2E3DEEF2E36759A007BB62E /* Resources */,
			);
			buildRules = (
			);
			dependencies = (
			);
			fileSystemSynchronizedGroups = (
				A2E3DEF32E36759A007BB62E /* state-management */,
			);
			name = "state-management";
			packageProductDependencies = (
				A2E3DF1F2E3675B7007BB62E /* ReSwift */,
			);
			productName = "state-management";
			productReference = A2E3DEF12E36759A007BB62E /* state-management.app */;
			productType = "com.apple.product-type.application";
		};
		A2E3DF002E36759B007BB62E /* state-managementTests */ = {
			isa = PBXNativeTarget;
			buildConfigurationList = A2E3DF182E36759B007BB62E /* Build configuration list for PBXNativeTarget "state-managementTests" */;
			buildPhases = (
				A2E3DEFD2E36759B007BB62E /* Sources */,
				A2E3DEFE2E36759B007BB62E /* Frameworks */,
				A2E3DEFF2E36759B007BB62E /* Resources */,
			);
			buildRules = (
			);
			dependencies = (
				A2E3DF032E36759B007BB62E /* PBXTargetDependency */,
			);
			fileSystemSynchronizedGroups = (
				A2E3DF042E36759B007BB62E /* state-managementTests */,
			);
			name = "state-managementTests";
			packageProductDependencies = (
			);
			productName = "state-managementTests";
			productReference = A2E3DF012E36759B007BB62E /* state-managementTests.xctest */;
			productType = "com.apple.product-type.bundle.unit-test";
		};
		A2E3DF0A2E36759B007BB62E /* state-managementUITests */ = {
			isa = PBXNativeTarget;
			buildConfigurationList = A2E3DF1B2E36759B007BB62E /* Build configuration list for PBXNativeTarget "state-managementUITests" */;
			buildPhases = (
				A2E3DF072E36759B007BB62E /* Sources */,
				A2E3DF082E36759B007BB62E /* Frameworks */,
				A2E3DF092E36759B007BB62E /* Resources */,
			);
			buildRules = (
			);
			dependencies = (
				A2E3DF0D2E36759B007BB62E /* PBXTargetDependency */,
			);
			fileSystemSynchronizedGroups = (
				A2E3DF0E2E36759B007BB62E /* state-managementUITests */,
			);
			name = "state-managementUITests";
			packageProductDependencies = (
			);
			productName = "state-managementUITests";
			productReference = A2E3DF0B2E36759B007BB62E /* state-managementUITests.xctest */;
			productType = "com.apple.product-type.bundle.ui-testing";
		};
/* End PBXNativeTarget section */

/* Begin PBXProject section */
		A2E3DEE92E36759A007BB62E /* Project object */ = {
			isa = PBXProject;
			attributes = {
				BuildIndependentTargetsInParallel = 1;
				LastSwiftUpdateCheck = 1610;
				LastUpgradeCheck = 1610;
				TargetAttributes = {
					A2E3DEF02E36759A007BB62E = {
						CreatedOnToolsVersion = 16.1;
					};
					A2E3DF002E36759B007BB62E = {
						CreatedOnToolsVersion = 16.1;
						TestTargetID = A2E3DEF02E36759A007BB62E;
					};
					A2E3DF0A2E36759B007BB62E = {
						CreatedOnToolsVersion = 16.1;
						TestTargetID = A2E3DEF02E36759A007BB62E;
					};
				};
			};
			buildConfigurationList = A2E3DEEC2E36759A007BB62E /* Build configuration list for PBXProject "state-management" */;
			developmentRegion = en;
			hasScannedForEncodings = 0;
			knownRegions = (
				en,
				Base,
			);
			mainGroup = A2E3DEE82E36759A007BB62E;
			minimizedProjectReferenceProxies = 1;
			packageReferences = (
				A2E3DF1E2E3675B7007BB62E /* XCRemoteSwiftPackageReference "ReSwift" */,
			);
			preferredProjectObjectVersion = 77;
			productRefGroup = A2E3DEF22E36759A007BB62E /* Products */;
			projectDirPath = "";
			projectRoot = "";
			targets = (
				A2E3DEF02E36759A007BB62E /* state-management */,
				A2E3DF002E36759B007BB62E /* state-managementTests */,
				A2E3DF0A2E36759B007BB62E /* state-managementUITests */,
			);
		};
/* End PBXProject section */

/* Begin PBXResourcesBuildPhase section */
		A2E3DEEF2E36759A007BB62E /* Resources */ = {
			isa = PBXResourcesBuildPhase;
			buildActionMask = 2147483647;
			files = (
			);
			runOnlyForDeploymentPostprocessing = 0;
		};
		A2E3DEFF2E36759B007BB62E /* Resources */ = {
			isa = PBXResourcesBuildPhase;
			buildActionMask = 2147483647;
			files = (
			);
			runOnlyForDeploymentPostprocessing = 0;
		};
		A2E3DF092E36759B007BB62E /* Resources */ = {
			isa = PBXResourcesBuildPhase;
			buildActionMask = 2147483647;
			files = (
			);
			runOnlyForDeploymentPostprocessing = 0;
		};
/* End PBXResourcesBuildPhase section */

/* Begin PBXSourcesBuildPhase section */
		A2E3DEED2E36759A007BB62E /* Sources */ = {
			isa = PBXSourcesBuildPhase;
			buildActionMask = 2147483647;
			files = (
			);
			runOnlyForDeploymentPostprocessing = 0;
		};
		A2E3DEFD2E36759B007BB62E /* Sources */ = {
			isa = PBXSourcesBuildPhase;
			buildActionMask = 2147483647;
			files = (
			);
			runOnlyForDeploymentPostprocessing = 0;
		};
		A2E3DF072E36759B007BB62E /* Sources */ = {
			isa = PBXSourcesBuildPhase;
			buildActionMask = 2147483647;
			files = (
			);
			runOnlyForDeploymentPostprocessing = 0;
		};
/* End PBXSourcesBuildPhase section */

/* Begin PBXTargetDependency section */
		A2E3DF032E36759B007BB62E /* PBXTargetDependency */ = {
			isa = PBXTargetDependency;
			target = A2E3DEF02E36759A007BB62E /* state-management */;
			targetProxy = A2E3DF022E36759B007BB62E /* PBXContainerItemProxy */;
		};
		A2E3DF0D2E36759B007BB62E /* PBXTargetDependency */ = {
			isa = PBXTargetDependency;
			target = A2E3DEF02E36759A007BB62E /* state-management */;
			targetProxy = A2E3DF0C2E36759B007BB62E /* PBXContainerItemProxy */;
		};
/* End PBXTargetDependency section */

/* Begin XCBuildConfiguration section */
		A2E3DF132E36759B007BB62E /* Debug */ = {
			isa = XCBuildConfiguration;
			buildSettings = {
				ALWAYS_SEARCH_USER_PATHS = NO;
				ASSETCATALOG_COMPILER_GENERATE_SWIFT_ASSET_SYMBOL_EXTENSIONS = YES;
				CLANG_ANALYZER_NONNULL = YES;
				CLANG_ANALYZER_NUMBER_OBJECT_CONVERSION = YES_AGGRESSIVE;
				CLANG_CXX_LANGUAGE_STANDARD = "gnu++20";
				CLANG_ENABLE_MODULES = YES;
				CLANG_ENABLE_OBJC_ARC = YES;
				CLANG_ENABLE_OBJC_WEAK = YES;
				CLANG_WARN_BLOCK_CAPTURE_AUTORELEASING = YES;
				CLANG_WARN_BOOL_CONVERSION = YES;
				CLANG_WARN_COMMA = YES;
				CLANG_WARN_CONSTANT_CONVERSION = YES;
				CLANG_WARN_DEPRECATED_OBJC_IMPLEMENTATIONS = YES;
				CLANG_WARN_DIRECT_OBJC_ISA_USAGE = YES_ERROR;
				CLANG_WARN_DOCUMENTATION_COMMENTS = YES;
				CLANG_WARN_EMPTY_BODY = YES;
				CLANG_WARN_ENUM_CONVERSION = YES;
				CLANG_WARN_INFINITE_RECURSION = YES;
				CLANG_WARN_INT_CONVERSION = YES;
				CLANG_WARN_NON_LITERAL_NULL_CONVERSION = YES;
				CLANG_WARN_OBJC_IMPLICIT_RETAIN_SELF = YES;
				CLANG_WARN_OBJC_LITERAL_CONVERSION = YES;
				CLANG_WARN_OBJC_ROOT_CLASS = YES_ERROR;
				CLANG_WARN_QUOTED_INCLUDE_IN_FRAMEWORK_HEADER = YES;
				CLANG_WARN_RANGE_LOOP_ANALYSIS = YES;
				CLANG_WARN_STRICT_PROTOTYPES = YES;
				CLANG_WARN_SUSPICIOUS_MOVE = YES;
				CLANG_WARN_UNGUARDED_AVAILABILITY = YES_AGGRESSIVE;
				CLANG_WARN_UNREACHABLE_CODE = YES;
				CLANG_WARN__DUPLICATE_METHOD_MATCH = YES;
				COPY_PHASE_STRIP = NO;
				DEBUG_INFORMATION_FORMAT = dwarf;
				ENABLE_STRICT_OBJC_MSGSEND = YES;
				ENABLE_TESTABILITY = YES;
				ENABLE_USER_SCRIPT_SANDBOXING = YES;
				GCC_C_LANGUAGE_STANDARD = gnu17;
				GCC_DYNAMIC_NO_PIC = NO;
				GCC_NO_COMMON_BLOCKS = YES;
				GCC_OPTIMIZATION_LEVEL = 0;
				GCC_PREPROCESSOR_DEFINITIONS = (
					"DEBUG=1",
					"$(inherited)",
				);
				GCC_WARN_64_TO_32_BIT_CONVERSION = YES;
				GCC_WARN_ABOUT_RETURN_TYPE = YES_ERROR;
				GCC_WARN_UNDECLARED_SELECTOR = YES;
				GCC_WARN_UNINITIALIZED_AUTOS = YES_AGGRESSIVE;
				GCC_WARN_UNUSED_FUNCTION = YES;
				GCC_WARN_UNUSED_VARIABLE = YES;
				IPHONEOS_DEPLOYMENT_TARGET = 18.1;
				LOCALIZATION_PREFERS_STRING_CATALOGS = YES;
				MTL_ENABLE_DEBUG_INFO = INCLUDE_SOURCE;
				MTL_FAST_MATH = YES;
				ONLY_ACTIVE_ARCH = YES;
				SDKROOT = iphoneos;
				SWIFT_ACTIVE_COMPILATION_CONDITIONS = "DEBUG $(inherited)";
				SWIFT_OPTIMIZATION_LEVEL = "-Onone";
			};
			name = Debug;
		};
		A2E3DF142E36759B007BB62E /* Release */ = {
			isa = XCBuildConfiguration;
			buildSettings = {
				ALWAYS_SEARCH_USER_PATHS = NO;
				ASSETCATALOG_COMPILER_GENERATE_SWIFT_ASSET_SYMBOL_EXTENSIONS = YES;
				CLANG_ANALYZER_NONNULL = YES;
				CLANG_ANALYZER_NUMBER_OBJECT_CONVERSION = YES_AGGRESSIVE;
				CLANG_CXX_LANGUAGE_STANDARD = "gnu++20";
				CLANG_ENABLE_MODULES = YES;
				CLANG_ENABLE_OBJC_ARC = YES;
				CLANG_ENABLE_OBJC_WEAK = YES;
				CLANG_WARN_BLOCK_CAPTURE_AUTORELEASING = YES;
				CLANG_WARN_BOOL_CONVERSION = YES;
				CLANG_WARN_COMMA = YES;
				CLANG_WARN_CONSTANT_CONVERSION = YES;
				CLANG_WARN_DEPRECATED_OBJC_IMPLEMENTATIONS = YES;
				CLANG_WARN_DIRECT_OBJC_ISA_USAGE = YES_ERROR;
				CLANG_WARN_DOCUMENTATION_COMMENTS = YES;
				CLANG_WARN_EMPTY_BODY = YES;
				CLANG_WARN_ENUM_CONVERSION = YES;
				CLANG_WARN_INFINITE_RECURSION = YES;
				CLANG_WARN_INT_CONVERSION = YES;
				CLANG_WARN_NON_LITERAL_NULL_CONVERSION = YES;
				CLANG_WARN_OBJC_IMPLICIT_RETAIN_SELF = YES;
				CLANG_WARN_OBJC_LITERAL_CONVERSION = YES;
				CLANG_WARN_OBJC_ROOT_CLASS = YES_ERROR;
				CLANG_WARN_QUOTED_INCLUDE_IN_FRAMEWORK_HEADER = YES;
				CLANG_WARN_RANGE_LOOP_ANALYSIS = YES;
				CLANG_WARN_STRICT_PROTOTYPES = YES;
				CLANG_WARN_SUSPICIOUS_MOVE = YES;
				CLANG_WARN_UNGUARDED_AVAILABILITY = YES_AGGRESSIVE;
				CLANG_WARN_UNREACHABLE_CODE = YES;
				CLANG_WARN__DUPLICATE_METHOD_MATCH = YES;
				COPY_PHASE_STRIP = NO;
				DEBUG_INFORMATION_FORMAT = "dwarf-with-dsym";
				ENABLE_NS_ASSERTIONS = NO;
				ENABLE_STRICT_OBJC_MSGSEND = YES;
				ENABLE_USER_SCRIPT_SANDBOXING = YES;
				GCC_C_LANGUAGE_STANDARD = gnu17;
				GCC_NO_COMMON_BLOCKS = YES;
				GCC_WARN_64_TO_32_BIT_CONVERSION = YES;
				GCC_WARN_ABOUT_RETURN_TYPE = YES_ERROR;
				GCC_WARN_UNDECLARED_SELECTOR = YES;
				GCC_WARN_UNINITIALIZED_AUTOS = YES_AGGRESSIVE;
				GCC_WARN_UNUSED_FUNCTION = YES;
				GCC_WARN_UNUSED_VARIABLE = YES;
				IPHONEOS_DEPLOYMENT_TARGET = 18.1;
				LOCALIZATION_PREFERS_STRING_CATALOGS = YES;
				MTL_ENABLE_DEBUG_INFO = NO;
				MTL_FAST_MATH = YES;
				SDKROOT = iphoneos;
				SWIFT_COMPILATION_MODE = wholemodule;
				VALIDATE_PRODUCT = YES;
			};
			name = Release;
		};
		A2E3DF162E36759B007BB62E /* Debug */ = {
			isa = XCBuildConfiguration;
			buildSettings = {
				ASSETCATALOG_COMPILER_APPICON_NAME = AppIcon;
				ASSETCATALOG_COMPILER_GLOBAL_ACCENT_COLOR_NAME = AccentColor;
				CODE_SIGN_STYLE = Automatic;
				CURRENT_PROJECT_VERSION = 1;
				DEVELOPMENT_ASSET_PATHS = "\"state-management/Preview Content\"";
				ENABLE_PREVIEWS = YES;
				GENERATE_INFOPLIST_FILE = YES;
				INFOPLIST_KEY_UIApplicationSceneManifest_Generation = YES;
				INFOPLIST_KEY_UIApplicationSupportsIndirectInputEvents = YES;
				INFOPLIST_KEY_UILaunchScreen_Generation = YES;
				INFOPLIST_KEY_UISupportedInterfaceOrientations_iPad = "UIInterfaceOrientationPortrait UIInterfaceOrientationPortraitUpsideDown UIInterfaceOrientationLandscapeLeft UIInterfaceOrientationLandscapeRight";
				INFOPLIST_KEY_UISupportedInterfaceOrientations_iPhone = "UIInterfaceOrientationPortrait UIInterfaceOrientationLandscapeLeft UIInterfaceOrientationLandscapeRight";
				LD_RUNPATH_SEARCH_PATHS = (
					"$(inherited)",
					"@executable_path/Frameworks",
				);
				MARKETING_VERSION = 1.0;
				PRODUCT_BUNDLE_IDENTIFIER = "com.demo.state-management";
				PRODUCT_NAME = "$(TARGET_NAME)";
				SWIFT_EMIT_LOC_STRINGS = YES;
				SWIFT_VERSION = 5.0;
				TARGETED_DEVICE_FAMILY = "1,2";
			};
			name = Debug;
		};
		A2E3DF172E36759B007BB62E /* Release */ = {
			isa = XCBuildConfiguration;
			buildSettings = {
				ASSETCATALOG_COMPILER_APPICON_NAME = AppIcon;
				ASSETCATALOG_COMPILER_GLOBAL_ACCENT_COLOR_NAME = AccentColor;
				CODE_SIGN_STYLE = Automatic;
				CURRENT_PROJECT_VERSION = 1;
				DEVELOPMENT_ASSET_PATHS = "\"state-management/Preview Content\"";
				ENABLE_PREVIEWS = YES;
				GENERATE_INFOPLIST_FILE = YES;
				INFOPLIST_KEY_UIApplicationSceneManifest_Generation = YES;
				INFOPLIST_KEY_UIApplicationSupportsIndirectInputEvents = YES;
				INFOPLIST_KEY_UILaunchScreen_Generation = YES;
				INFOPLIST_KEY_UISupportedInterfaceOrientations_iPad = "UIInterfaceOrientationPortrait UIInterfaceOrientationPortraitUpsideDown UIInterfaceOrientationLandscapeLeft UIInterfaceOrientationLandscapeRight";
				INFOPLIST_KEY_UISupportedInterfaceOrientations_iPhone = "UIInterfaceOrientationPortrait UIInterfaceOrientationLandscapeLeft UIInterfaceOrientationLandscapeRight";
				LD_RUNPATH_SEARCH_PATHS = (
					"$(inherited)",
					"@executable_path/Frameworks",
				);
				MARKETING_VERSION = 1.0;
				PRODUCT_BUNDLE_IDENTIFIER = "com.demo.state-management";
				PRODUCT_NAME = "$(TARGET_NAME)";
				SWIFT_EMIT_LOC_STRINGS = YES;
				SWIFT_VERSION = 5.0;
				TARGETED_DEVICE_FAMILY = "1,2";
			};
			name = Release;
		};
		A2E3DF192E36759B007BB62E /* Debug */ = {
			isa = XCBuildConfiguration;
			buildSettings = {
				BUNDLE_LOADER = "$(TEST_HOST)";
				CODE_SIGN_STYLE = Automatic;
				CURRENT_PROJECT_VERSION = 1;
				GENERATE_INFOPLIST_FILE = YES;
				IPHONEOS_DEPLOYMENT_TARGET = 18.1;
				MARKETING_VERSION = 1.0;
				PRODUCT_BUNDLE_IDENTIFIER = "com.demo.state-managementTests";
				PRODUCT_NAME = "$(TARGET_NAME)";
				SWIFT_EMIT_LOC_STRINGS = NO;
				SWIFT_VERSION = 5.0;
				TARGETED_DEVICE_FAMILY = "1,2";
				TEST_HOST = "$(BUILT_PRODUCTS_DIR)/state-management.app/$(BUNDLE_EXECUTABLE_FOLDER_PATH)/state-management";
			};
			name = Debug;
		};
		A2E3DF1A2E36759B007BB62E /* Release */ = {
			isa = XCBuildConfiguration;
			buildSettings = {
				BUNDLE_LOADER = "$(TEST_HOST)";
				CODE_SIGN_STYLE = Automatic;
				CURRENT_PROJECT_VERSION = 1;
				GENERATE_INFOPLIST_FILE = YES;
				IPHONEOS_DEPLOYMENT_TARGET = 18.1;
				MARKETING_VERSION = 1.0;
				PRODUCT_BUNDLE_IDENTIFIER = "com.demo.state-managementTests";
				PRODUCT_NAME = "$(TARGET_NAME)";
				SWIFT_EMIT_LOC_STRINGS = NO;
				SWIFT_VERSION = 5.0;
				TARGETED_DEVICE_FAMILY = "1,2";
				TEST_HOST = "$(BUILT_PRODUCTS_DIR)/state-management.app/$(BUNDLE_EXECUTABLE_FOLDER_PATH)/state-management";
			};
			name = Release;
		};
		A2E3DF1C2E36759B007BB62E /* Debug */ = {
			isa = XCBuildConfiguration;
			buildSettings = {
				CODE_SIGN_STYLE = Automatic;
				CURRENT_PROJECT_VERSION = 1;
				GENERATE_INFOPLIST_FILE = YES;
				MARKETING_VERSION = 1.0;
				PRODUCT_BUNDLE_IDENTIFIER = "com.demo.state-managementUITests";
				PRODUCT_NAME = "$(TARGET_NAME)";
				SWIFT_EMIT_LOC_STRINGS = NO;
				SWIFT_VERSION = 5.0;
				TARGETED_DEVICE_FAMILY = "1,2";
				TEST_TARGET_NAME = "state-management";
			};
			name = Debug;
		};
		A2E3DF1D2E36759B007BB62E /* Release */ = {
			isa = XCBuildConfiguration;
			buildSettings = {
				CODE_SIGN_STYLE = Automatic;
				CURRENT_PROJECT_VERSION = 1;
				GENERATE_INFOPLIST_FILE = YES;
				MARKETING_VERSION = 1.0;
				PRODUCT_BUNDLE_IDENTIFIER = "com.demo.state-managementUITests";
				PRODUCT_NAME = "$(TARGET_NAME)";
				SWIFT_EMIT_LOC_STRINGS = NO;
				SWIFT_VERSION = 5.0;
				TARGETED_DEVICE_FAMILY = "1,2";
				TEST_TARGET_NAME = "state-management";
			};
			name = Release;
		};
/* End XCBuildConfiguration section */

/* Begin XCConfigurationList section */
		A2E3DEEC2E36759A007BB62E /* Build configuration list for PBXProject "state-management" */ = {
			isa = XCConfigurationList;
			buildConfigurations = (
				A2E3DF132E36759B007BB62E /* Debug */,
				A2E3DF142E36759B007BB62E /* Release */,
			);
			defaultConfigurationIsVisible = 0;
			defaultConfigurationName = Release;
		};
		A2E3DF152E36759B007BB62E /* Build configuration list for PBXNativeTarget "state-management" */ = {
			isa = XCConfigurationList;
			buildConfigurations = (
				A2E3DF162E36759B007BB62E /* Debug */,
				A2E3DF172E36759B007BB62E /* Release */,
			);
			defaultConfigurationIsVisible = 0;
			defaultConfigurationName = Release;
		};
		A2E3DF182E36759B007BB62E /* Build configuration list for PBXNativeTarget "state-managementTests" */ = {
			isa = XCConfigurationList;
			buildConfigurations = (
				A2E3DF192E36759B007BB62E /* Debug */,
				A2E3DF1A2E36759B007BB62E /* Release */,
			);
			defaultConfigurationIsVisible = 0;
			defaultConfigurationName = Release;
		};
		A2E3DF1B2E36759B007BB62E /* Build configuration list for PBXNativeTarget "state-managementUITests" */ = {
			isa = XCConfigurationList;
			buildConfigurations = (
				A2E3DF1C2E36759B007BB62E /* Debug */,
				A2E3DF1D2E36759B007BB62E /* Release */,
			);
			defaultConfigurationIsVisible = 0;
			defaultConfigurationName = Release;
		};
/* End XCConfigurationList section */

/* Begin XCRemoteSwiftPackageReference section */
		A2E3DF1E2E3675B7007BB62E /* XCRemoteSwiftPackageReference "ReSwift" */ = {
			isa = XCRemoteSwiftPackageReference;
			repositoryURL = "https://github.com/ReSwift/ReSwift";
			requirement = {
				kind = upToNextMajorVersion;
				minimumVersion = 6.1.1;
			};
		};
/* End XCRemoteSwiftPackageReference section */

/* Begin XCSwiftPackageProductDependency section */
		A2E3DF1F2E3675B7007BB62E /* ReSwift */ = {
			isa = XCSwiftPackageProductDependency;
			package = A2E3DF1E2E3675B7007BB62E /* XCRemoteSwiftPackageReference "ReSwift" */;
			productName = ReSwift;
		};
/* End XCSwiftPackageProductDependency section */
	};
	rootObject = A2E3DEE92E36759A007BB62E /* Project object */;
}
