// !$*UTF8*$!
{
	archiveVersion = 1;
	classes = {
	};
	objectVersion = 77;
	objects = {

/* Begin PBXContainerItemProxy section */
		A2EBEA762E2D5D13004CC1AE /* PBXContainerItemProxy */ = {
			isa = PBXContainerItemProxy;
			containerPortal = A2EBEA5D2E2D5D12004CC1AE /* Project object */;
			proxyType = 1;
			remoteGlobalIDString = A2EBEA642E2D5D12004CC1AE;
			remoteInfo = "navigation-before-login-and-after-login";
		};
		A2EBEA802E2D5D13004CC1AE /* PBXContainerItemProxy */ = {
			isa = PBXContainerItemProxy;
			containerPortal = A2EBEA5D2E2D5D12004CC1AE /* Project object */;
			proxyType = 1;
			remoteGlobalIDString = A2EBEA642E2D5D12004CC1AE;
			remoteInfo = "navigation-before-login-and-after-login";
		};
/* End PBXContainerItemProxy section */

/* Begin PBXFileReference section */
		A2EBEA652E2D5D12004CC1AE /* navigation-before-login-and-after-login.app */ = {isa = PBXFileReference; explicitFileType = wrapper.application; includeInIndex = 0; path = "navigation-before-login-and-after-login.app"; sourceTree = BUILT_PRODUCTS_DIR; };
		A2EBEA752E2D5D13004CC1AE /* navigation-before-login-and-after-loginTests.xctest */ = {isa = PBXFileReference; explicitFileType = wrapper.cfbundle; includeInIndex = 0; path = "navigation-before-login-and-after-loginTests.xctest"; sourceTree = BUILT_PRODUCTS_DIR; };
		A2EBEA7F2E2D5D13004CC1AE /* navigation-before-login-and-after-loginUITests.xctest */ = {isa = PBXFileReference; explicitFileType = wrapper.cfbundle; includeInIndex = 0; path = "navigation-before-login-and-after-loginUITests.xctest"; sourceTree = BUILT_PRODUCTS_DIR; };
/* End PBXFileReference section */

/* Begin PBXFileSystemSynchronizedRootGroup section */
		A2EBEA672E2D5D12004CC1AE /* navigation-before-login-and-after-login */ = {
			isa = PBXFileSystemSynchronizedRootGroup;
			path = "navigation-before-login-and-after-login";
			sourceTree = "<group>";
		};
		A2EBEA782E2D5D13004CC1AE /* navigation-before-login-and-after-loginTests */ = {
			isa = PBXFileSystemSynchronizedRootGroup;
			path = "navigation-before-login-and-after-loginTests";
			sourceTree = "<group>";
		};
		A2EBEA822E2D5D13004CC1AE /* navigation-before-login-and-after-loginUITests */ = {
			isa = PBXFileSystemSynchronizedRootGroup;
			path = "navigation-before-login-and-after-loginUITests";
			sourceTree = "<group>";
		};
/* End PBXFileSystemSynchronizedRootGroup section */

/* Begin PBXFrameworksBuildPhase section */
		A2EBEA622E2D5D12004CC1AE /* Frameworks */ = {
			isa = PBXFrameworksBuildPhase;
			buildActionMask = 2147483647;
			files = (
			);
			runOnlyForDeploymentPostprocessing = 0;
		};
		A2EBEA722E2D5D13004CC1AE /* Frameworks */ = {
			isa = PBXFrameworksBuildPhase;
			buildActionMask = 2147483647;
			files = (
			);
			runOnlyForDeploymentPostprocessing = 0;
		};
		A2EBEA7C2E2D5D13004CC1AE /* Frameworks */ = {
			isa = PBXFrameworksBuildPhase;
			buildActionMask = 2147483647;
			files = (
			);
			runOnlyForDeploymentPostprocessing = 0;
		};
/* End PBXFrameworksBuildPhase section */

/* Begin PBXGroup section */
		A2EBEA5C2E2D5D12004CC1AE = {
			isa = PBXGroup;
			children = (
				A2EBEA672E2D5D12004CC1AE /* navigation-before-login-and-after-login */,
				A2EBEA782E2D5D13004CC1AE /* navigation-before-login-and-after-loginTests */,
				A2EBEA822E2D5D13004CC1AE /* navigation-before-login-and-after-loginUITests */,
				A2EBEA662E2D5D12004CC1AE /* Products */,
			);
			sourceTree = "<group>";
		};
		A2EBEA662E2D5D12004CC1AE /* Products */ = {
			isa = PBXGroup;
			children = (
				A2EBEA652E2D5D12004CC1AE /* navigation-before-login-and-after-login.app */,
				A2EBEA752E2D5D13004CC1AE /* navigation-before-login-and-after-loginTests.xctest */,
				A2EBEA7F2E2D5D13004CC1AE /* navigation-before-login-and-after-loginUITests.xctest */,
			);
			name = Products;
			sourceTree = "<group>";
		};
/* End PBXGroup section */

/* Begin PBXNativeTarget section */
		A2EBEA642E2D5D12004CC1AE /* navigation-before-login-and-after-login */ = {
			isa = PBXNativeTarget;
			buildConfigurationList = A2EBEA892E2D5D13004CC1AE /* Build configuration list for PBXNativeTarget "navigation-before-login-and-after-login" */;
			buildPhases = (
				A2EBEA612E2D5D12004CC1AE /* Sources */,
				A2EBEA622E2D5D12004CC1AE /* Frameworks */,
				A2EBEA632E2D5D12004CC1AE /* Resources */,
			);
			buildRules = (
			);
			dependencies = (
			);
			fileSystemSynchronizedGroups = (
				A2EBEA672E2D5D12004CC1AE /* navigation-before-login-and-after-login */,
			);
			name = "navigation-before-login-and-after-login";
			packageProductDependencies = (
			);
			productName = "navigation-before-login-and-after-login";
			productReference = A2EBEA652E2D5D12004CC1AE /* navigation-before-login-and-after-login.app */;
			productType = "com.apple.product-type.application";
		};
		A2EBEA742E2D5D13004CC1AE /* navigation-before-login-and-after-loginTests */ = {
			isa = PBXNativeTarget;
			buildConfigurationList = A2EBEA8C2E2D5D13004CC1AE /* Build configuration list for PBXNativeTarget "navigation-before-login-and-after-loginTests" */;
			buildPhases = (
				A2EBEA712E2D5D13004CC1AE /* Sources */,
				A2EBEA722E2D5D13004CC1AE /* Frameworks */,
				A2EBEA732E2D5D13004CC1AE /* Resources */,
			);
			buildRules = (
			);
			dependencies = (
				A2EBEA772E2D5D13004CC1AE /* PBXTargetDependency */,
			);
			fileSystemSynchronizedGroups = (
				A2EBEA782E2D5D13004CC1AE /* navigation-before-login-and-after-loginTests */,
			);
			name = "navigation-before-login-and-after-loginTests";
			packageProductDependencies = (
			);
			productName = "navigation-before-login-and-after-loginTests";
			productReference = A2EBEA752E2D5D13004CC1AE /* navigation-before-login-and-after-loginTests.xctest */;
			productType = "com.apple.product-type.bundle.unit-test";
		};
		A2EBEA7E2E2D5D13004CC1AE /* navigation-before-login-and-after-loginUITests */ = {
			isa = PBXNativeTarget;
			buildConfigurationList = A2EBEA8F2E2D5D13004CC1AE /* Build configuration list for PBXNativeTarget "navigation-before-login-and-after-loginUITests" */;
			buildPhases = (
				A2EBEA7B2E2D5D13004CC1AE /* Sources */,
				A2EBEA7C2E2D5D13004CC1AE /* Frameworks */,
				A2EBEA7D2E2D5D13004CC1AE /* Resources */,
			);
			buildRules = (
			);
			dependencies = (
				A2EBEA812E2D5D13004CC1AE /* PBXTargetDependency */,
			);
			fileSystemSynchronizedGroups = (
				A2EBEA822E2D5D13004CC1AE /* navigation-before-login-and-after-loginUITests */,
			);
			name = "navigation-before-login-and-after-loginUITests";
			packageProductDependencies = (
			);
			productName = "navigation-before-login-and-after-loginUITests";
			productReference = A2EBEA7F2E2D5D13004CC1AE /* navigation-before-login-and-after-loginUITests.xctest */;
			productType = "com.apple.product-type.bundle.ui-testing";
		};
/* End PBXNativeTarget section */

/* Begin PBXProject section */
		A2EBEA5D2E2D5D12004CC1AE /* Project object */ = {
			isa = PBXProject;
			attributes = {
				BuildIndependentTargetsInParallel = 1;
				LastSwiftUpdateCheck = 1610;
				LastUpgradeCheck = 1610;
				TargetAttributes = {
					A2EBEA642E2D5D12004CC1AE = {
						CreatedOnToolsVersion = 16.1;
					};
					A2EBEA742E2D5D13004CC1AE = {
						CreatedOnToolsVersion = 16.1;
						TestTargetID = A2EBEA642E2D5D12004CC1AE;
					};
					A2EBEA7E2E2D5D13004CC1AE = {
						CreatedOnToolsVersion = 16.1;
						TestTargetID = A2EBEA642E2D5D12004CC1AE;
					};
				};
			};
			buildConfigurationList = A2EBEA602E2D5D12004CC1AE /* Build configuration list for PBXProject "navigation-before-login-and-after-login" */;
			developmentRegion = en;
			hasScannedForEncodings = 0;
			knownRegions = (
				en,
				Base,
			);
			mainGroup = A2EBEA5C2E2D5D12004CC1AE;
			minimizedProjectReferenceProxies = 1;
			preferredProjectObjectVersion = 77;
			productRefGroup = A2EBEA662E2D5D12004CC1AE /* Products */;
			projectDirPath = "";
			projectRoot = "";
			targets = (
				A2EBEA642E2D5D12004CC1AE /* navigation-before-login-and-after-login */,
				A2EBEA742E2D5D13004CC1AE /* navigation-before-login-and-after-loginTests */,
				A2EBEA7E2E2D5D13004CC1AE /* navigation-before-login-and-after-loginUITests */,
			);
		};
/* End PBXProject section */

/* Begin PBXResourcesBuildPhase section */
		A2EBEA632E2D5D12004CC1AE /* Resources */ = {
			isa = PBXResourcesBuildPhase;
			buildActionMask = 2147483647;
			files = (
			);
			runOnlyForDeploymentPostprocessing = 0;
		};
		A2EBEA732E2D5D13004CC1AE /* Resources */ = {
			isa = PBXResourcesBuildPhase;
			buildActionMask = 2147483647;
			files = (
			);
			runOnlyForDeploymentPostprocessing = 0;
		};
		A2EBEA7D2E2D5D13004CC1AE /* Resources */ = {
			isa = PBXResourcesBuildPhase;
			buildActionMask = 2147483647;
			files = (
			);
			runOnlyForDeploymentPostprocessing = 0;
		};
/* End PBXResourcesBuildPhase section */

/* Begin PBXSourcesBuildPhase section */
		A2EBEA612E2D5D12004CC1AE /* Sources */ = {
			isa = PBXSourcesBuildPhase;
			buildActionMask = 2147483647;
			files = (
			);
			runOnlyForDeploymentPostprocessing = 0;
		};
		A2EBEA712E2D5D13004CC1AE /* Sources */ = {
			isa = PBXSourcesBuildPhase;
			buildActionMask = 2147483647;
			files = (
			);
			runOnlyForDeploymentPostprocessing = 0;
		};
		A2EBEA7B2E2D5D13004CC1AE /* Sources */ = {
			isa = PBXSourcesBuildPhase;
			buildActionMask = 2147483647;
			files = (
			);
			runOnlyForDeploymentPostprocessing = 0;
		};
/* End PBXSourcesBuildPhase section */

/* Begin PBXTargetDependency section */
		A2EBEA772E2D5D13004CC1AE /* PBXTargetDependency */ = {
			isa = PBXTargetDependency;
			target = A2EBEA642E2D5D12004CC1AE /* navigation-before-login-and-after-login */;
			targetProxy = A2EBEA762E2D5D13004CC1AE /* PBXContainerItemProxy */;
		};
		A2EBEA812E2D5D13004CC1AE /* PBXTargetDependency */ = {
			isa = PBXTargetDependency;
			target = A2EBEA642E2D5D12004CC1AE /* navigation-before-login-and-after-login */;
			targetProxy = A2EBEA802E2D5D13004CC1AE /* PBXContainerItemProxy */;
		};
/* End PBXTargetDependency section */

/* Begin XCBuildConfiguration section */
		A2EBEA872E2D5D13004CC1AE /* Debug */ = {
			isa = XCBuildConfiguration;
			buildSettings = {
				ALWAYS_SEARCH_USER_PATHS = NO;
				ASSETCATALOG_COMPILER_GENERATE_SWIFT_ASSET_SYMBOL_EXTENSIONS = YES;
				CLANG_ANALYZER_NONNULL = YES;
				CLANG_ANALYZER_NUMBER_OBJECT_CONVERSION = YES_AGGRESSIVE;
				CLANG_CXX_LANGUAGE_STANDARD = "gnu++20";
				CLANG_ENABLE_MODULES = YES;
				CLANG_ENABLE_OBJC_ARC = YES;
				CLANG_ENABLE_OBJC_WEAK = YES;
				CLANG_WARN_BLOCK_CAPTURE_AUTORELEASING = YES;
				CLANG_WARN_BOOL_CONVERSION = YES;
				CLANG_WARN_COMMA = YES;
				CLANG_WARN_CONSTANT_CONVERSION = YES;
				CLANG_WARN_DEPRECATED_OBJC_IMPLEMENTATIONS = YES;
				CLANG_WARN_DIRECT_OBJC_ISA_USAGE = YES_ERROR;
				CLANG_WARN_DOCUMENTATION_COMMENTS = YES;
				CLANG_WARN_EMPTY_BODY = YES;
				CLANG_WARN_ENUM_CONVERSION = YES;
				CLANG_WARN_INFINITE_RECURSION = YES;
				CLANG_WARN_INT_CONVERSION = YES;
				CLANG_WARN_NON_LITERAL_NULL_CONVERSION = YES;
				CLANG_WARN_OBJC_IMPLICIT_RETAIN_SELF = YES;
				CLANG_WARN_OBJC_LITERAL_CONVERSION = YES;
				CLANG_WARN_OBJC_ROOT_CLASS = YES_ERROR;
				CLANG_WARN_QUOTED_INCLUDE_IN_FRAMEWORK_HEADER = YES;
				CLANG_WARN_RANGE_LOOP_ANALYSIS = YES;
				CLANG_WARN_STRICT_PROTOTYPES = YES;
				CLANG_WARN_SUSPICIOUS_MOVE = YES;
				CLANG_WARN_UNGUARDED_AVAILABILITY = YES_AGGRESSIVE;
				CLANG_WARN_UNREACHABLE_CODE = YES;
				CLANG_WARN__DUPLICATE_METHOD_MATCH = YES;
				COPY_PHASE_STRIP = NO;
				DEBUG_INFORMATION_FORMAT = dwarf;
				ENABLE_STRICT_OBJC_MSGSEND = YES;
				ENABLE_TESTABILITY = YES;
				ENABLE_USER_SCRIPT_SANDBOXING = YES;
				GCC_C_LANGUAGE_STANDARD = gnu17;
				GCC_DYNAMIC_NO_PIC = NO;
				GCC_NO_COMMON_BLOCKS = YES;
				GCC_OPTIMIZATION_LEVEL = 0;
				GCC_PREPROCESSOR_DEFINITIONS = (
					"DEBUG=1",
					"$(inherited)",
				);
				GCC_WARN_64_TO_32_BIT_CONVERSION = YES;
				GCC_WARN_ABOUT_RETURN_TYPE = YES_ERROR;
				GCC_WARN_UNDECLARED_SELECTOR = YES;
				GCC_WARN_UNINITIALIZED_AUTOS = YES_AGGRESSIVE;
				GCC_WARN_UNUSED_FUNCTION = YES;
				GCC_WARN_UNUSED_VARIABLE = YES;
				IPHONEOS_DEPLOYMENT_TARGET = 18.1;
				LOCALIZATION_PREFERS_STRING_CATALOGS = YES;
				MTL_ENABLE_DEBUG_INFO = INCLUDE_SOURCE;
				MTL_FAST_MATH = YES;
				ONLY_ACTIVE_ARCH = YES;
				SDKROOT = iphoneos;
				SWIFT_ACTIVE_COMPILATION_CONDITIONS = "DEBUG $(inherited)";
				SWIFT_OPTIMIZATION_LEVEL = "-Onone";
			};
			name = Debug;
		};
		A2EBEA882E2D5D13004CC1AE /* Release */ = {
			isa = XCBuildConfiguration;
			buildSettings = {
				ALWAYS_SEARCH_USER_PATHS = NO;
				ASSETCATALOG_COMPILER_GENERATE_SWIFT_ASSET_SYMBOL_EXTENSIONS = YES;
				CLANG_ANALYZER_NONNULL = YES;
				CLANG_ANALYZER_NUMBER_OBJECT_CONVERSION = YES_AGGRESSIVE;
				CLANG_CXX_LANGUAGE_STANDARD = "gnu++20";
				CLANG_ENABLE_MODULES = YES;
				CLANG_ENABLE_OBJC_ARC = YES;
				CLANG_ENABLE_OBJC_WEAK = YES;
				CLANG_WARN_BLOCK_CAPTURE_AUTORELEASING = YES;
				CLANG_WARN_BOOL_CONVERSION = YES;
				CLANG_WARN_COMMA = YES;
				CLANG_WARN_CONSTANT_CONVERSION = YES;
				CLANG_WARN_DEPRECATED_OBJC_IMPLEMENTATIONS = YES;
				CLANG_WARN_DIRECT_OBJC_ISA_USAGE = YES_ERROR;
				CLANG_WARN_DOCUMENTATION_COMMENTS = YES;
				CLANG_WARN_EMPTY_BODY = YES;
				CLANG_WARN_ENUM_CONVERSION = YES;
				CLANG_WARN_INFINITE_RECURSION = YES;
				CLANG_WARN_INT_CONVERSION = YES;
				CLANG_WARN_NON_LITERAL_NULL_CONVERSION = YES;
				CLANG_WARN_OBJC_IMPLICIT_RETAIN_SELF = YES;
				CLANG_WARN_OBJC_LITERAL_CONVERSION = YES;
				CLANG_WARN_OBJC_ROOT_CLASS = YES_ERROR;
				CLANG_WARN_QUOTED_INCLUDE_IN_FRAMEWORK_HEADER = YES;
				CLANG_WARN_RANGE_LOOP_ANALYSIS = YES;
				CLANG_WARN_STRICT_PROTOTYPES = YES;
				CLANG_WARN_SUSPICIOUS_MOVE = YES;
				CLANG_WARN_UNGUARDED_AVAILABILITY = YES_AGGRESSIVE;
				CLANG_WARN_UNREACHABLE_CODE = YES;
				CLANG_WARN__DUPLICATE_METHOD_MATCH = YES;
				COPY_PHASE_STRIP = NO;
				DEBUG_INFORMATION_FORMAT = "dwarf-with-dsym";
				ENABLE_NS_ASSERTIONS = NO;
				ENABLE_STRICT_OBJC_MSGSEND = YES;
				ENABLE_USER_SCRIPT_SANDBOXING = YES;
				GCC_C_LANGUAGE_STANDARD = gnu17;
				GCC_NO_COMMON_BLOCKS = YES;
				GCC_WARN_64_TO_32_BIT_CONVERSION = YES;
				GCC_WARN_ABOUT_RETURN_TYPE = YES_ERROR;
				GCC_WARN_UNDECLARED_SELECTOR = YES;
				GCC_WARN_UNINITIALIZED_AUTOS = YES_AGGRESSIVE;
				GCC_WARN_UNUSED_FUNCTION = YES;
				GCC_WARN_UNUSED_VARIABLE = YES;
				IPHONEOS_DEPLOYMENT_TARGET = 18.1;
				LOCALIZATION_PREFERS_STRING_CATALOGS = YES;
				MTL_ENABLE_DEBUG_INFO = NO;
				MTL_FAST_MATH = YES;
				SDKROOT = iphoneos;
				SWIFT_COMPILATION_MODE = wholemodule;
				VALIDATE_PRODUCT = YES;
			};
			name = Release;
		};
		A2EBEA8A2E2D5D13004CC1AE /* Debug */ = {
			isa = XCBuildConfiguration;
			buildSettings = {
				ASSETCATALOG_COMPILER_APPICON_NAME = AppIcon;
				ASSETCATALOG_COMPILER_GLOBAL_ACCENT_COLOR_NAME = AccentColor;
				CODE_SIGN_STYLE = Automatic;
				CURRENT_PROJECT_VERSION = 1;
				DEVELOPMENT_ASSET_PATHS = "\"navigation-before-login-and-after-login/Preview Content\"";
				ENABLE_PREVIEWS = YES;
				GENERATE_INFOPLIST_FILE = YES;
				INFOPLIST_KEY_UIApplicationSceneManifest_Generation = YES;
				INFOPLIST_KEY_UIApplicationSupportsIndirectInputEvents = YES;
				INFOPLIST_KEY_UILaunchScreen_Generation = YES;
				INFOPLIST_KEY_UISupportedInterfaceOrientations_iPad = "UIInterfaceOrientationPortrait UIInterfaceOrientationPortraitUpsideDown UIInterfaceOrientationLandscapeLeft UIInterfaceOrientationLandscapeRight";
				INFOPLIST_KEY_UISupportedInterfaceOrientations_iPhone = "UIInterfaceOrientationPortrait UIInterfaceOrientationLandscapeLeft UIInterfaceOrientationLandscapeRight";
				LD_RUNPATH_SEARCH_PATHS = (
					"$(inherited)",
					"@executable_path/Frameworks",
				);
				MARKETING_VERSION = 1.0;
				PRODUCT_BUNDLE_IDENTIFIER = "com.demo.navigation-before-login-and-after-login";
				PRODUCT_NAME = "$(TARGET_NAME)";
				SWIFT_EMIT_LOC_STRINGS = YES;
				SWIFT_VERSION = 5.0;
				TARGETED_DEVICE_FAMILY = "1,2";
			};
			name = Debug;
		};
		A2EBEA8B2E2D5D13004CC1AE /* Release */ = {
			isa = XCBuildConfiguration;
			buildSettings = {
				ASSETCATALOG_COMPILER_APPICON_NAME = AppIcon;
				ASSETCATALOG_COMPILER_GLOBAL_ACCENT_COLOR_NAME = AccentColor;
				CODE_SIGN_STYLE = Automatic;
				CURRENT_PROJECT_VERSION = 1;
				DEVELOPMENT_ASSET_PATHS = "\"navigation-before-login-and-after-login/Preview Content\"";
				ENABLE_PREVIEWS = YES;
				GENERATE_INFOPLIST_FILE = YES;
				INFOPLIST_KEY_UIApplicationSceneManifest_Generation = YES;
				INFOPLIST_KEY_UIApplicationSupportsIndirectInputEvents = YES;
				INFOPLIST_KEY_UILaunchScreen_Generation = YES;
				INFOPLIST_KEY_UISupportedInterfaceOrientations_iPad = "UIInterfaceOrientationPortrait UIInterfaceOrientationPortraitUpsideDown UIInterfaceOrientationLandscapeLeft UIInterfaceOrientationLandscapeRight";
				INFOPLIST_KEY_UISupportedInterfaceOrientations_iPhone = "UIInterfaceOrientationPortrait UIInterfaceOrientationLandscapeLeft UIInterfaceOrientationLandscapeRight";
				LD_RUNPATH_SEARCH_PATHS = (
					"$(inherited)",
					"@executable_path/Frameworks",
				);
				MARKETING_VERSION = 1.0;
				PRODUCT_BUNDLE_IDENTIFIER = "com.demo.navigation-before-login-and-after-login";
				PRODUCT_NAME = "$(TARGET_NAME)";
				SWIFT_EMIT_LOC_STRINGS = YES;
				SWIFT_VERSION = 5.0;
				TARGETED_DEVICE_FAMILY = "1,2";
			};
			name = Release;
		};
		A2EBEA8D2E2D5D13004CC1AE /* Debug */ = {
			isa = XCBuildConfiguration;
			buildSettings = {
				BUNDLE_LOADER = "$(TEST_HOST)";
				CODE_SIGN_STYLE = Automatic;
				CURRENT_PROJECT_VERSION = 1;
				GENERATE_INFOPLIST_FILE = YES;
				IPHONEOS_DEPLOYMENT_TARGET = 18.1;
				MARKETING_VERSION = 1.0;
				PRODUCT_BUNDLE_IDENTIFIER = "com.demo.navigation-before-login-and-after-loginTests";
				PRODUCT_NAME = "$(TARGET_NAME)";
				SWIFT_EMIT_LOC_STRINGS = NO;
				SWIFT_VERSION = 5.0;
				TARGETED_DEVICE_FAMILY = "1,2";
				TEST_HOST = "$(BUILT_PRODUCTS_DIR)/navigation-before-login-and-after-login.app/$(BUNDLE_EXECUTABLE_FOLDER_PATH)/navigation-before-login-and-after-login";
			};
			name = Debug;
		};
		A2EBEA8E2E2D5D13004CC1AE /* Release */ = {
			isa = XCBuildConfiguration;
			buildSettings = {
				BUNDLE_LOADER = "$(TEST_HOST)";
				CODE_SIGN_STYLE = Automatic;
				CURRENT_PROJECT_VERSION = 1;
				GENERATE_INFOPLIST_FILE = YES;
				IPHONEOS_DEPLOYMENT_TARGET = 18.1;
				MARKETING_VERSION = 1.0;
				PRODUCT_BUNDLE_IDENTIFIER = "com.demo.navigation-before-login-and-after-loginTests";
				PRODUCT_NAME = "$(TARGET_NAME)";
				SWIFT_EMIT_LOC_STRINGS = NO;
				SWIFT_VERSION = 5.0;
				TARGETED_DEVICE_FAMILY = "1,2";
				TEST_HOST = "$(BUILT_PRODUCTS_DIR)/navigation-before-login-and-after-login.app/$(BUNDLE_EXECUTABLE_FOLDER_PATH)/navigation-before-login-and-after-login";
			};
			name = Release;
		};
		A2EBEA902E2D5D13004CC1AE /* Debug */ = {
			isa = XCBuildConfiguration;
			buildSettings = {
				CODE_SIGN_STYLE = Automatic;
				CURRENT_PROJECT_VERSION = 1;
				GENERATE_INFOPLIST_FILE = YES;
				MARKETING_VERSION = 1.0;
				PRODUCT_BUNDLE_IDENTIFIER = "com.demo.navigation-before-login-and-after-loginUITests";
				PRODUCT_NAME = "$(TARGET_NAME)";
				SWIFT_EMIT_LOC_STRINGS = NO;
				SWIFT_VERSION = 5.0;
				TARGETED_DEVICE_FAMILY = "1,2";
				TEST_TARGET_NAME = "navigation-before-login-and-after-login";
			};
			name = Debug;
		};
		A2EBEA912E2D5D13004CC1AE /* Release */ = {
			isa = XCBuildConfiguration;
			buildSettings = {
				CODE_SIGN_STYLE = Automatic;
				CURRENT_PROJECT_VERSION = 1;
				GENERATE_INFOPLIST_FILE = YES;
				MARKETING_VERSION = 1.0;
				PRODUCT_BUNDLE_IDENTIFIER = "com.demo.navigation-before-login-and-after-loginUITests";
				PRODUCT_NAME = "$(TARGET_NAME)";
				SWIFT_EMIT_LOC_STRINGS = NO;
				SWIFT_VERSION = 5.0;
				TARGETED_DEVICE_FAMILY = "1,2";
				TEST_TARGET_NAME = "navigation-before-login-and-after-login";
			};
			name = Release;
		};
/* End XCBuildConfiguration section */

/* Begin XCConfigurationList section */
		A2EBEA602E2D5D12004CC1AE /* Build configuration list for PBXProject "navigation-before-login-and-after-login" */ = {
			isa = XCConfigurationList;
			buildConfigurations = (
				A2EBEA872E2D5D13004CC1AE /* Debug */,
				A2EBEA882E2D5D13004CC1AE /* Release */,
			);
			defaultConfigurationIsVisible = 0;
			defaultConfigurationName = Release;
		};
		A2EBEA892E2D5D13004CC1AE /* Build configuration list for PBXNativeTarget "navigation-before-login-and-after-login" */ = {
			isa = XCConfigurationList;
			buildConfigurations = (
				A2EBEA8A2E2D5D13004CC1AE /* Debug */,
				A2EBEA8B2E2D5D13004CC1AE /* Release */,
			);
			defaultConfigurationIsVisible = 0;
			defaultConfigurationName = Release;
		};
		A2EBEA8C2E2D5D13004CC1AE /* Build configuration list for PBXNativeTarget "navigation-before-login-and-after-loginTests" */ = {
			isa = XCConfigurationList;
			buildConfigurations = (
				A2EBEA8D2E2D5D13004CC1AE /* Debug */,
				A2EBEA8E2E2D5D13004CC1AE /* Release */,
			);
			defaultConfigurationIsVisible = 0;
			defaultConfigurationName = Release;
		};
		A2EBEA8F2E2D5D13004CC1AE /* Build configuration list for PBXNativeTarget "navigation-before-login-and-after-loginUITests" */ = {
			isa = XCConfigurationList;
			buildConfigurations = (
				A2EBEA902E2D5D13004CC1AE /* Debug */,
				A2EBEA912E2D5D13004CC1AE /* Release */,
			);
			defaultConfigurationIsVisible = 0;
			defaultConfigurationName = Release;
		};
/* End XCConfigurationList section */
	};
	rootObject = A2EBEA5D2E2D5D12004CC1AE /* Project object */;
}
